// !$*UTF8*$!
{
	archiveVersion = 1;
	classes = {
	};
	objectVersion = 46;
	objects = {

/* Begin PBXBuildFile section */
		112E28651DBCAA0400C3CB14 /* main.m in Sources */ = {isa = PBXBuildFile; fileRef = 112E28641DBCAA0400C3CB14 /* main.m */; };
		112E28681DBCAA0400C3CB14 /* AppDelegate.m in Sources */ = {isa = PBXBuildFile; fileRef = 112E28671DBCAA0400C3CB14 /* AppDelegate.m */; };
		112E286B1DBCAA0400C3CB14 /* MatrixViewController.m in Sources */ = {isa = PBXBuildFile; fileRef = 112E286A1DBCAA0400C3CB14 /* MatrixViewController.m */; };
		112E286E1DBCAA0400C3CB14 /* Main.storyboard in Resources */ = {isa = PBXBuildFile; fileRef = 112E286C1DBCAA0400C3CB14 /* Main.storyboard */; };
		112E28701DBCAA0400C3CB14 /* Assets.xcassets in Resources */ = {isa = PBXBuildFile; fileRef = 112E286F1DBCAA0400C3CB14 /* Assets.xcassets */; };
		112E28731DBCAA0400C3CB14 /* LaunchScreen.storyboard in Resources */ = {isa = PBXBuildFile; fileRef = 112E28711DBCAA0400C3CB14 /* LaunchScreen.storyboard */; };
/* End PBXBuildFile section */

/* Begin PBXFileReference section */
		112E28601DBCAA0400C3CB14 /* ReversedMatrix.app */ = {isa = PBXFileReference; explicitFileType = wrapper.application; includeInIndex = 0; path = ReversedMatrix.app; sourceTree = BUILT_PRODUCTS_DIR; };
		112E28641DBCAA0400C3CB14 /* main.m */ = {isa = PBXFileReference; lastKnownFileType = sourcecode.c.objc; path = main.m; sourceTree = "<group>"; };
		112E28661DBCAA0400C3CB14 /* AppDelegate.h */ = {isa = PBXFileReference; lastKnownFileType = sourcecode.c.h; path = AppDelegate.h; sourceTree = "<group>"; };
		112E28671DBCAA0400C3CB14 /* AppDelegate.m */ = {isa = PBXFileReference; lastKnownFileType = sourcecode.c.objc; path = AppDelegate.m; sourceTree = "<group>"; };
		112E28691DBCAA0400C3CB14 /* MatrixViewController.h */ = {isa = PBXFileReference; lastKnownFileType = sourcecode.c.h; path = MatrixViewController.h; sourceTree = "<group>"; };
		112E286A1DBCAA0400C3CB14 /* MatrixViewController.m */ = {isa = PBXFileReference; lastKnownFileType = sourcecode.c.objc; path = MatrixViewController.m; sourceTree = "<group>"; };
		112E286D1DBCAA0400C3CB14 /* Base */ = {isa = PBXFileReference; lastKnownFileType = file.storyboard; name = Base; path = Base.lproj/Main.storyboard; sourceTree = "<group>"; };
		112E286F1DBCAA0400C3CB14 /* Assets.xcassets */ = {isa = PBXFileReference; lastKnownFileType = folder.assetcatalog; path = Assets.xcassets; sourceTree = "<group>"; };
		112E28721DBCAA0400C3CB14 /* Base */ = {isa = PBXFileReference; lastKnownFileType = file.storyboard; name = Base; path = Base.lproj/LaunchScreen.storyboard; sourceTree = "<group>"; };
		112E28741DBCAA0400C3CB14 /* Info.plist */ = {isa = PBXFileReference; lastKnownFileType = text.plist.xml; path = Info.plist; sourceTree = "<group>"; };
/* End PBXFileReference section */

/* Begin PBXFrameworksBuildPhase section */
		112E285D1DBCAA0300C3CB14 /* Frameworks */ = {
			isa = PBXFrameworksBuildPhase;
			buildActionMask = 2147483647;
			files = (
			);
			runOnlyForDeploymentPostprocessing = 0;
		};
/* End PBXFrameworksBuildPhase section */

/* Begin PBXGroup section */
		112E28571DBCAA0300C3CB14 = {
			isa = PBXGroup;
			children = (
				112E28621DBCAA0400C3CB14 /* ReversedMatrix */,
				112E28611DBCAA0400C3CB14 /* Products */,
			);
			sourceTree = "<group>";
		};
		112E28611DBCAA0400C3CB14 /* Products */ = {
			isa = PBXGroup;
			children = (
				112E28601DBCAA0400C3CB14 /* ReversedMatrix.app */,
			);
			name = Products;
			sourceTree = "<group>";
		};
		112E28621DBCAA0400C3CB14 /* ReversedMatrix */ = {
			isa = PBXGroup;
			children = (
				112E28661DBCAA0400C3CB14 /* AppDelegate.h */,
				112E28671DBCAA0400C3CB14 /* AppDelegate.m */,
				112E28691DBCAA0400C3CB14 /* MatrixViewController.h */,
				112E286A1DBCAA0400C3CB14 /* MatrixViewController.m */,
				112E287A1DBD6DFB00C3CB14 /* Resources */,
			);
			path = ReversedMatrix;
			sourceTree = "<group>";
		};
		112E28631DBCAA0400C3CB14 /* Supporting Files */ = {
			isa = PBXGroup;
			children = (
				112E28641DBCAA0400C3CB14 /* main.m */,
			);
			name = "Supporting Files";
			sourceTree = "<group>";
		};
		112E287A1DBD6DFB00C3CB14 /* Resources */ = {
			isa = PBXGroup;
			children = (
				112E286C1DBCAA0400C3CB14 /* Main.storyboard */,
				112E286F1DBCAA0400C3CB14 /* Assets.xcassets */,
				112E28711DBCAA0400C3CB14 /* LaunchScreen.storyboard */,
				112E28741DBCAA0400C3CB14 /* Info.plist */,
				112E28631DBCAA0400C3CB14 /* Supporting Files */,
			);
			name = Resources;
			sourceTree = "<group>";
		};
/* End PBXGroup section */

/* Begin PBXNativeTarget section */
		112E285F1DBCAA0300C3CB14 /* ReversedMatrix */ = {
			isa = PBXNativeTarget;
			buildConfigurationList = 112E28771DBCAA0400C3CB14 /* Build configuration list for PBXNativeTarget "ReversedMatrix" */;
			buildPhases = (
				112E285C1DBCAA0300C3CB14 /* Sources */,
				112E285D1DBCAA0300C3CB14 /* Frameworks */,
				112E285E1DBCAA0300C3CB14 /* Resources */,
			);
			buildRules = (
			);
			dependencies = (
			);
			name = ReversedMatrix;
			productName = ReversedMatrix;
			productReference = 112E28601DBCAA0400C3CB14 /* ReversedMatrix.app */;
			productType = "com.apple.product-type.application";
		};
/* End PBXNativeTarget section */

/* Begin PBXProject section */
		112E28581DBCAA0300C3CB14 /* Project object */ = {
			isa = PBXProject;
			attributes = {
				LastUpgradeCheck = 0810;
				ORGANIZATIONNAME = "Rost Gress";
				TargetAttributes = {
					112E285F1DBCAA0300C3CB14 = {
						CreatedOnToolsVersion = 8.1;
						ProvisioningStyle = Automatic;
					};
				};
			};
			buildConfigurationList = 112E285B1DBCAA0300C3CB14 /* Build configuration list for PBXProject "ReversedMatrix" */;
			compatibilityVersion = "Xcode 3.2";
			developmentRegion = English;
			hasScannedForEncodings = 0;
			knownRegions = (
				en,
				Base,
			);
			mainGroup = 112E28571DBCAA0300C3CB14;
			productRefGroup = 112E28611DBCAA0400C3CB14 /* Products */;
			projectDirPath = "";
			projectRoot = "";
			targets = (
				112E285F1DBCAA0300C3CB14 /* ReversedMatrix */,
			);
		};
/* End PBXProject section */

/* Begin PBXResourcesBuildPhase section */
		112E285E1DBCAA0300C3CB14 /* Resources */ = {
			isa = PBXResourcesBuildPhase;
			buildActionMask = 2147483647;
			files = (
				112E28731DBCAA0400C3CB14 /* LaunchScreen.storyboard in Resources */,
				112E28701DBCAA0400C3CB14 /* Assets.xcassets in Resources */,
				112E286E1DBCAA0400C3CB14 /* Main.storyboard in Resources */,
			);
			runOnlyForDeploymentPostprocessing = 0;
		};
/* End PBXResourcesBuildPhase section */

/* Begin PBXSourcesBuildPhase section */
		112E285C1DBCAA0300C3CB14 /* Sources */ = {
			isa = PBXSourcesBuildPhase;
			buildActionMask = 2147483647;
			files = (
				112E286B1DBCAA0400C3CB14 /* MatrixViewController.m in Sources */,
				112E28681DBCAA0400C3CB14 /* AppDelegate.m in Sources */,
				112E28651DBCAA0400C3CB14 /* main.m in Sources */,
			);
			runOnlyForDeploymentPostprocessing = 0;
		};
/* End PBXSourcesBuildPhase section */

/* Begin PBXVariantGroup section */
		112E286C1DBCAA0400C3CB14 /* Main.storyboard */ = {
			isa = PBXVariantGroup;
			children = (
				112E286D1DBCAA0400C3CB14 /* Base */,
			);
			name = Main.storyboard;
			sourceTree = "<group>";
		};
		112E28711DBCAA0400C3CB14 /* LaunchScreen.storyboard */ = {
			isa = PBXVariantGroup;
			children = (
				112E28721DBCAA0400C3CB14 /* Base */,
			);
			name = LaunchScreen.storyboard;
			sourceTree = "<group>";
		};
/* End PBXVariantGroup section */

/* Begin XCBuildConfiguration section */
		112E28751DBCAA0400C3CB14 /* Debug */ = {
			isa = XCBuildConfiguration;
			buildSettings = {
				ALWAYS_SEARCH_USER_PATHS = NO;
				CLANG_ANALYZER_NONNULL = YES;
				CLANG_CXX_LANGUAGE_STANDARD = "gnu++0x";
				CLANG_CXX_LIBRARY = "libc++";
				CLANG_ENABLE_MODULES = YES;
				CLANG_ENABLE_OBJC_ARC = YES;
				CLANG_WARN_BOOL_CONVERSION = YES;
				CLANG_WARN_CONSTANT_CONVERSION = YES;
				CLANG_WARN_DIRECT_OBJC_ISA_USAGE = YES_ERROR;
				CLANG_WARN_DOCUMENTATION_COMMENTS = YES;
				CLANG_WARN_EMPTY_BODY = YES;
				CLANG_WARN_ENUM_CONVERSION = YES;
				CLANG_WARN_INFINITE_RECURSION = YES;
				CLANG_WARN_INT_CONVERSION = YES;
				CLANG_WARN_OBJC_ROOT_CLASS = YES_ERROR;
				CLANG_WARN_SUSPICIOUS_MOVES = YES;
				CLANG_WARN_UNREACHABLE_CODE = YES;
				CLANG_WARN__DUPLICATE_METHOD_MATCH = YES;
				"CODE_SIGN_IDENTITY[sdk=iphoneos*]" = "iPhone Developer";
				COPY_PHASE_STRIP = NO;
				DEBUG_INFORMATION_FORMAT = dwarf;
				ENABLE_STRICT_OBJC_MSGSEND = YES;
				ENABLE_TESTABILITY = YES;
				GCC_C_LANGUAGE_STANDARD = gnu99;
				GCC_DYNAMIC_NO_PIC = NO;
				GCC_NO_COMMON_BLOCKS = YES;
				GCC_OPTIMIZATION_LEVEL = 0;
				GCC_PREPROCESSOR_DEFINITIONS = (
					"DEBUG=1",
					"$(inherited)",
				);
				GCC_WARN_64_TO_32_BIT_CONVERSION = YES;
				GCC_WARN_ABOUT_RETURN_TYPE = YES_ERROR;
				GCC_WARN_UNDECLARED_SELECTOR = YES;
				GCC_WARN_UNINITIALIZED_AUTOS = YES_AGGRESSIVE;
				GCC_WARN_UNUSED_FUNCTION = YES;
				GCC_WARN_UNUSED_VARIABLE = YES;
				IPHONEOS_DEPLOYMENT_TARGET = 10.1;
				MTL_ENABLE_DEBUG_INFO = YES;
				ONLY_ACTIVE_ARCH = YES;
				SDKROOT = iphoneos;
			};
			name = Debug;
		};
		112E28761DBCAA0400C3CB14 /* Release */ = {
			isa = XCBuildConfiguration;
			buildSettings = {
				ALWAYS_SEARCH_USER_PATHS = NO;
				CLANG_ANALYZER_NONNULL = YES;
				CLANG_CXX_LANGUAGE_STANDARD = "gnu++0x";
				CLANG_CXX_LIBRARY = "libc++";
				CLANG_ENABLE_MODULES = YES;
				CLANG_ENABLE_OBJC_ARC = YES;
				CLANG_WARN_BOOL_CONVERSION = YES;
				CLANG_WARN_CONSTANT_CONVERSION = YES;
				CLANG_WARN_DIRECT_OBJC_ISA_USAGE = YES_ERROR;
				CLANG_WARN_DOCUMENTATION_COMMENTS = YES;
				CLANG_WARN_EMPTY_BODY = YES;
				CLANG_WARN_ENUM_CONVERSION = YES;
				CLANG_WARN_INFINITE_RECURSION = YES;
				CLANG_WARN_INT_CONVERSION = YES;
				CLANG_WARN_OBJC_ROOT_CLASS = YES_ERROR;
				CLANG_WARN_SUSPICIOUS_MOVES = YES;
				CLANG_WARN_UNREACHABLE_CODE = YES;
				CLANG_WARN__DUPLICATE_METHOD_MATCH = YES;
				"CODE_SIGN_IDENTITY[sdk=iphoneos*]" = "iPhone Developer";
				COPY_PHASE_STRIP = NO;
				DEBUG_INFORMATION_FORMAT = "dwarf-with-dsym";
				ENABLE_NS_ASSERTIONS = NO;
				ENABLE_STRICT_OBJC_MSGSEND = YES;
				GCC_C_LANGUAGE_STANDARD = gnu99;
				GCC_NO_COMMON_BLOCKS = YES;
				GCC_WARN_64_TO_32_BIT_CONVERSION = YES;
				GCC_WARN_ABOUT_RETURN_TYPE = YES_ERROR;
				GCC_WARN_UNDECLARED_SELECTOR = YES;
				GCC_WARN_UNINITIALIZED_AUTOS = YES_AGGRESSIVE;
				GCC_WARN_UNUSED_FUNCTION = YES;
				GCC_WARN_UNUSED_VARIABLE = YES;
				IPHONEOS_DEPLOYMENT_TARGET = 10.1;
				MTL_ENABLE_DEBUG_INFO = NO;
				SDKROOT = iphoneos;
				VALIDATE_PRODUCT = YES;
			};
			name = Release;
		};
		112E28781DBCAA0400C3CB14 /* Debug */ = {
			isa = XCBuildConfiguration;
			buildSettings = {
				ASSETCATALOG_COMPILER_APPICON_NAME = AppIcon;
				INFOPLIST_FILE = ReversedMatrix/Info.plist;
				LD_RUNPATH_SEARCH_PATHS = "$(inherited) @executable_path/Frameworks";
				PRODUCT_BUNDLE_IDENTIFIER = com.rost.ReversedMatrix;
				PRODUCT_NAME = "$(TARGET_NAME)";
			};
			name = Debug;
		};
		112E28791DBCAA0400C3CB14 /* Release */ = {
			isa = XCBuildConfiguration;
			buildSettings = {
				ASSETCATALOG_COMPILER_APPICON_NAME = AppIcon;
				INFOPLIST_FILE = ReversedMatrix/Info.plist;
				LD_RUNPATH_SEARCH_PATHS = "$(inherited) @executable_path/Frameworks";
				PRODUCT_BUNDLE_IDENTIFIER = com.rost.ReversedMatrix;
				PRODUCT_NAME = "$(TARGET_NAME)";
			};
			name = Release;
		};
/* End XCBuildConfiguration section */

/* Begin XCConfigurationList section */
		112E285B1DBCAA0300C3CB14 /* Build configuration list for PBXProject "ReversedMatrix" */ = {
			isa = XCConfigurationList;
			buildConfigurations = (
				112E28751DBCAA0400C3CB14 /* Debug */,
				112E28761DBCAA0400C3CB14 /* Release */,
			);
			defaultConfigurationIsVisible = 0;
			defaultConfigurationName = Release;
		};
		112E28771DBCAA0400C3CB14 /* Build configuration list for PBXNativeTarget "ReversedMatrix" */ = {
			isa = XCConfigurationList;
			buildConfigurations = (
				112E28781DBCAA0400C3CB14 /* Debug */,
				112E28791DBCAA0400C3CB14 /* Release */,
			);
			defaultConfigurationIsVisible = 0;
		};
/* End XCConfigurationList section */
	};
	rootObject = 112E28581DBCAA0300C3CB14 /* Project object */;
}
